// !$*UTF8*$!
{
	archiveVersion = 1;
	classes = {
	};
	objectVersion = 50;
	objects = {

/* Begin PBXAggregateTarget section */
		76F8AC6C20AC53970038B8EC /* UniversalLoopy */ = {
			isa = PBXAggregateTarget;
			buildConfigurationList = 76F8AC6D20AC53970038B8EC /* Build configuration list for PBXAggregateTarget "UniversalLoopy" */;
			buildPhases = (
				76F8AC7020AC53B40038B8EC /* ShellScript */,
			);
			dependencies = (
			);
			name = UniversalLoopy;
			productName = UniversalLoopy;
		};
/* End PBXAggregateTarget section */

/* Begin PBXBuildFile section */
		76F8AC5C20AC53540038B8EC /* Loopy.framework in Frameworks */ = {isa = PBXBuildFile; fileRef = 76F8AC5220AC53540038B8EC /* Loopy.framework */; };
		76F8AC6120AC53540038B8EC /* LoopyTests.swift in Sources */ = {isa = PBXBuildFile; fileRef = 76F8AC6020AC53540038B8EC /* LoopyTests.swift */; };
		76F8AC6320AC53540038B8EC /* Loopy.h in Headers */ = {isa = PBXBuildFile; fileRef = 76F8AC5520AC53540038B8EC /* Loopy.h */; settings = {ATTRIBUTES = (Public, ); }; };
		76F8AC7320AC55990038B8EC /* Recordings.swift in Sources */ = {isa = PBXBuildFile; fileRef = 76F8AC7220AC55990038B8EC /* Recordings.swift */; };
		76F8AC7620AC56BD0038B8EC /* Messages.swift in Sources */ = {isa = PBXBuildFile; fileRef = 76F8AC7520AC56BD0038B8EC /* Messages.swift */; };
		76F8AC7920AC5A9D0038B8EC /* Control.swift in Sources */ = {isa = PBXBuildFile; fileRef = 76F8AC7820AC5A9D0038B8EC /* Control.swift */; };
/* End PBXBuildFile section */

/* Begin PBXContainerItemProxy section */
		76F8AC5D20AC53540038B8EC /* PBXContainerItemProxy */ = {
			isa = PBXContainerItemProxy;
			containerPortal = 76F8AC4920AC53540038B8EC /* Project object */;
			proxyType = 1;
			remoteGlobalIDString = 76F8AC5120AC53540038B8EC;
			remoteInfo = Loopy;
		};
/* End PBXContainerItemProxy section */

/* Begin PBXFileReference section */
		76F8AC5220AC53540038B8EC /* Loopy.framework */ = {isa = PBXFileReference; explicitFileType = wrapper.framework; includeInIndex = 0; path = Loopy.framework; sourceTree = BUILT_PRODUCTS_DIR; };
		76F8AC5520AC53540038B8EC /* Loopy.h */ = {isa = PBXFileReference; lastKnownFileType = sourcecode.c.h; path = Loopy.h; sourceTree = "<group>"; };
		76F8AC5620AC53540038B8EC /* Info.plist */ = {isa = PBXFileReference; lastKnownFileType = text.plist.xml; path = Info.plist; sourceTree = "<group>"; };
		76F8AC5B20AC53540038B8EC /* LoopyTests.xctest */ = {isa = PBXFileReference; explicitFileType = wrapper.cfbundle; includeInIndex = 0; path = LoopyTests.xctest; sourceTree = BUILT_PRODUCTS_DIR; };
		76F8AC6020AC53540038B8EC /* LoopyTests.swift */ = {isa = PBXFileReference; lastKnownFileType = sourcecode.swift; path = LoopyTests.swift; sourceTree = "<group>"; };
		76F8AC6220AC53540038B8EC /* Info.plist */ = {isa = PBXFileReference; lastKnownFileType = text.plist.xml; path = Info.plist; sourceTree = "<group>"; };
		76F8AC7220AC55990038B8EC /* Recordings.swift */ = {isa = PBXFileReference; lastKnownFileType = sourcecode.swift; path = Recordings.swift; sourceTree = "<group>"; };
		76F8AC7520AC56BD0038B8EC /* Messages.swift */ = {isa = PBXFileReference; lastKnownFileType = sourcecode.swift; path = Messages.swift; sourceTree = "<group>"; };
		76F8AC7820AC5A9D0038B8EC /* Control.swift */ = {isa = PBXFileReference; lastKnownFileType = sourcecode.swift; path = Control.swift; sourceTree = "<group>"; };
/* End PBXFileReference section */

/* Begin PBXFrameworksBuildPhase section */
		76F8AC4E20AC53540038B8EC /* Frameworks */ = {
			isa = PBXFrameworksBuildPhase;
			buildActionMask = 2147483647;
			files = (
			);
			runOnlyForDeploymentPostprocessing = 0;
		};
		76F8AC5820AC53540038B8EC /* Frameworks */ = {
			isa = PBXFrameworksBuildPhase;
			buildActionMask = 2147483647;
			files = (
				76F8AC5C20AC53540038B8EC /* Loopy.framework in Frameworks */,
			);
			runOnlyForDeploymentPostprocessing = 0;
		};
/* End PBXFrameworksBuildPhase section */

/* Begin PBXGroup section */
		76F8AC4820AC53540038B8EC = {
			isa = PBXGroup;
			children = (
				76F8AC5420AC53540038B8EC /* Loopy */,
				76F8AC5F20AC53540038B8EC /* LoopyTests */,
				76F8AC5320AC53540038B8EC /* Products */,
			);
			sourceTree = "<group>";
		};
		76F8AC5320AC53540038B8EC /* Products */ = {
			isa = PBXGroup;
			children = (
				76F8AC5220AC53540038B8EC /* Loopy.framework */,
				76F8AC5B20AC53540038B8EC /* LoopyTests.xctest */,
			);
			name = Products;
			sourceTree = "<group>";
		};
		76F8AC5420AC53540038B8EC /* Loopy */ = {
			isa = PBXGroup;
			children = (
				76F8AC7720AC5A840038B8EC /* Control */,
				76F8AC7420AC569A0038B8EC /* Notifications */,
				76F8AC7120AC555F0038B8EC /* Storage */,
				76F8AC5520AC53540038B8EC /* Loopy.h */,
				76F8AC5620AC53540038B8EC /* Info.plist */,
			);
			path = Loopy;
			sourceTree = "<group>";
		};
		76F8AC5F20AC53540038B8EC /* LoopyTests */ = {
			isa = PBXGroup;
			children = (
				76F8AC6020AC53540038B8EC /* LoopyTests.swift */,
				76F8AC6220AC53540038B8EC /* Info.plist */,
			);
			path = LoopyTests;
			sourceTree = "<group>";
		};
		76F8AC7120AC555F0038B8EC /* Storage */ = {
			isa = PBXGroup;
			children = (
				76F8AC7220AC55990038B8EC /* Recordings.swift */,
			);
			path = Storage;
			sourceTree = "<group>";
		};
		76F8AC7420AC569A0038B8EC /* Notifications */ = {
			isa = PBXGroup;
			children = (
				76F8AC7520AC56BD0038B8EC /* Messages.swift */,
			);
			path = Notifications;
			sourceTree = "<group>";
		};
		76F8AC7720AC5A840038B8EC /* Control */ = {
			isa = PBXGroup;
			children = (
				76F8AC7820AC5A9D0038B8EC /* Control.swift */,
			);
			path = Control;
			sourceTree = "<group>";
		};
/* End PBXGroup section */

/* Begin PBXHeadersBuildPhase section */
		76F8AC4F20AC53540038B8EC /* Headers */ = {
			isa = PBXHeadersBuildPhase;
			buildActionMask = 2147483647;
			files = (
				76F8AC6320AC53540038B8EC /* Loopy.h in Headers */,
			);
			runOnlyForDeploymentPostprocessing = 0;
		};
/* End PBXHeadersBuildPhase section */

/* Begin PBXNativeTarget section */
		76F8AC5120AC53540038B8EC /* Loopy */ = {
			isa = PBXNativeTarget;
			buildConfigurationList = 76F8AC6620AC53540038B8EC /* Build configuration list for PBXNativeTarget "Loopy" */;
			buildPhases = (
				76F8AC4D20AC53540038B8EC /* Sources */,
				76F8AC4E20AC53540038B8EC /* Frameworks */,
				76F8AC4F20AC53540038B8EC /* Headers */,
				76F8AC5020AC53540038B8EC /* Resources */,
			);
			buildRules = (
			);
			dependencies = (
			);
			name = Loopy;
			productName = Loopy;
			productReference = 76F8AC5220AC53540038B8EC /* Loopy.framework */;
			productType = "com.apple.product-type.framework";
		};
		76F8AC5A20AC53540038B8EC /* LoopyTests */ = {
			isa = PBXNativeTarget;
			buildConfigurationList = 76F8AC6920AC53540038B8EC /* Build configuration list for PBXNativeTarget "LoopyTests" */;
			buildPhases = (
				76F8AC5720AC53540038B8EC /* Sources */,
				76F8AC5820AC53540038B8EC /* Frameworks */,
				76F8AC5920AC53540038B8EC /* Resources */,
			);
			buildRules = (
			);
			dependencies = (
				76F8AC5E20AC53540038B8EC /* PBXTargetDependency */,
			);
			name = LoopyTests;
			productName = LoopyTests;
			productReference = 76F8AC5B20AC53540038B8EC /* LoopyTests.xctest */;
			productType = "com.apple.product-type.bundle.unit-test";
		};
/* End PBXNativeTarget section */

/* Begin PBXProject section */
		76F8AC4920AC53540038B8EC /* Project object */ = {
			isa = PBXProject;
			attributes = {
				LastSwiftUpdateCheck = 0930;
				LastUpgradeCheck = 0930;
				ORGANIZATIONNAME = "Christian Garbers";
				TargetAttributes = {
					76F8AC5120AC53540038B8EC = {
						CreatedOnToolsVersion = 9.3.1;
						LastSwiftMigration = 0930;
					};
					76F8AC5A20AC53540038B8EC = {
						CreatedOnToolsVersion = 9.3.1;
					};
					76F8AC6C20AC53970038B8EC = {
						CreatedOnToolsVersion = 9.3.1;
					};
				};
			};
			buildConfigurationList = 76F8AC4C20AC53540038B8EC /* Build configuration list for PBXProject "Loopy" */;
			compatibilityVersion = "Xcode 9.3";
			developmentRegion = en;
			hasScannedForEncodings = 0;
			knownRegions = (
				en,
			);
			mainGroup = 76F8AC4820AC53540038B8EC;
			productRefGroup = 76F8AC5320AC53540038B8EC /* Products */;
			projectDirPath = "";
			projectRoot = "";
			targets = (
				76F8AC5120AC53540038B8EC /* Loopy */,
				76F8AC5A20AC53540038B8EC /* LoopyTests */,
				76F8AC6C20AC53970038B8EC /* UniversalLoopy */,
			);
		};
/* End PBXProject section */

/* Begin PBXResourcesBuildPhase section */
		76F8AC5020AC53540038B8EC /* Resources */ = {
			isa = PBXResourcesBuildPhase;
			buildActionMask = 2147483647;
			files = (
			);
			runOnlyForDeploymentPostprocessing = 0;
		};
		76F8AC5920AC53540038B8EC /* Resources */ = {
			isa = PBXResourcesBuildPhase;
			buildActionMask = 2147483647;
			files = (
			);
			runOnlyForDeploymentPostprocessing = 0;
		};
/* End PBXResourcesBuildPhase section */

/* Begin PBXShellScriptBuildPhase section */
		76F8AC7020AC53B40038B8EC /* ShellScript */ = {
			isa = PBXShellScriptBuildPhase;
			buildActionMask = 2147483647;
			files = (
			);
			inputPaths = (
			);
			outputPaths = (
			);
			runOnlyForDeploymentPostprocessing = 0;
			shellPath = /bin/sh;
			shellScript = "#!/bin/sh\nUNIVERSAL_OUTPUTFOLDER=${BUILD_DIR}/${CONFIGURATION}-universal\n# make sure the output directory exists\nmkdir -p \"${UNIVERSAL_OUTPUTFOLDER}\"\n# Step 1. Build Device and Simulator versions\nxcodebuild -target \"Loopy\" ONLY_ACTIVE_ARCH=NO -configuration ${CONFIGURATION} -sdk iphoneos  BUILD_DIR=\"${BUILD_DIR}\" BUILD_ROOT=\"${BUILD_ROOT}\" clean build\nxcodebuild -target \"Loopy\" -configuration ${CONFIGURATION} -sdk iphonesimulator ONLY_ACTIVE_ARCH=NO BUILD_DIR=\"${BUILD_DIR}\" BUILD_ROOT=\"${BUILD_ROOT}\" clean build\n# Step 2. Copy the framework structure (from iphoneos build) to the universal folder\ncp -R \"${BUILD_DIR}/${CONFIGURATION}-iphoneos/Loopy.framework\" \"${UNIVERSAL_OUTPUTFOLDER}/\"\n# Step 3. Copy Swift modules from iphonesimulator build (if it exists) to the copied framework directory\nSIMULATOR_SWIFT_MODULES_DIR=\"${BUILD_DIR}/${CONFIGURATION}-iphonesimulator/Loopy.framework/Modules/Loopy.swiftmodule/.\"\nif [ -d \"${SIMULATOR_SWIFT_MODULES_DIR}\" ]; then\ncp -R \"${SIMULATOR_SWIFT_MODULES_DIR}\" \"${UNIVERSAL_OUTPUTFOLDER}/Loopy.framework/Modules/Loopy.swiftmodule\"\nfi\n# Step 4. Create universal binary file using lipo and place the combined executable in the copied framework directory\nlipo -create -output \"${UNIVERSAL_OUTPUTFOLDER}/Loopy.framework/Loopy\" \"${BUILD_DIR}/${CONFIGURATION}-iphonesimulator/Loopy.framework/Loopy\" \"${BUILD_DIR}/${CONFIGURATION}-iphoneos/Loopy.framework/Loopy\"\n# Step 5. Convenience step to copy the framework to the project's directory\ncp -R \"${UNIVERSAL_OUTPUTFOLDER}/Loopy.framework\" \"${PROJECT_DIR}\"\n# Step 6. Convenience step to open the project's directory in Finder\nopen \"${PROJECT_DIR}\"";
		};
/* End PBXShellScriptBuildPhase section */

/* Begin PBXSourcesBuildPhase section */
		76F8AC4D20AC53540038B8EC /* Sources */ = {
			isa = PBXSourcesBuildPhase;
			buildActionMask = 2147483647;
			files = (
				76F8AC7320AC55990038B8EC /* Recordings.swift in Sources */,
				76F8AC7620AC56BD0038B8EC /* Messages.swift in Sources */,
				76F8AC7920AC5A9D0038B8EC /* Control.swift in Sources */,
			);
			runOnlyForDeploymentPostprocessing = 0;
		};
		76F8AC5720AC53540038B8EC /* Sources */ = {
			isa = PBXSourcesBuildPhase;
			buildActionMask = 2147483647;
			files = (
				76F8AC6120AC53540038B8EC /* LoopyTests.swift in Sources */,
			);
			runOnlyForDeploymentPostprocessing = 0;
		};
/* End PBXSourcesBuildPhase section */

/* Begin PBXTargetDependency section */
		76F8AC5E20AC53540038B8EC /* PBXTargetDependency */ = {
			isa = PBXTargetDependency;
			target = 76F8AC5120AC53540038B8EC /* Loopy */;
			targetProxy = 76F8AC5D20AC53540038B8EC /* PBXContainerItemProxy */;
		};
/* End PBXTargetDependency section */

/* Begin XCBuildConfiguration section */
		76F8AC6420AC53540038B8EC /* Debug */ = {
			isa = XCBuildConfiguration;
			buildSettings = {
				ALWAYS_SEARCH_USER_PATHS = NO;
				CLANG_ANALYZER_NONNULL = YES;
				CLANG_ANALYZER_NUMBER_OBJECT_CONVERSION = YES_AGGRESSIVE;
				CLANG_CXX_LANGUAGE_STANDARD = "gnu++14";
				CLANG_CXX_LIBRARY = "libc++";
				CLANG_ENABLE_MODULES = YES;
				CLANG_ENABLE_OBJC_ARC = YES;
				CLANG_ENABLE_OBJC_WEAK = YES;
				CLANG_WARN_BLOCK_CAPTURE_AUTORELEASING = YES;
				CLANG_WARN_BOOL_CONVERSION = YES;
				CLANG_WARN_COMMA = YES;
				CLANG_WARN_CONSTANT_CONVERSION = YES;
				CLANG_WARN_DEPRECATED_OBJC_IMPLEMENTATIONS = YES;
				CLANG_WARN_DIRECT_OBJC_ISA_USAGE = YES_ERROR;
				CLANG_WARN_DOCUMENTATION_COMMENTS = YES;
				CLANG_WARN_EMPTY_BODY = YES;
				CLANG_WARN_ENUM_CONVERSION = YES;
				CLANG_WARN_INFINITE_RECURSION = YES;
				CLANG_WARN_INT_CONVERSION = YES;
				CLANG_WARN_NON_LITERAL_NULL_CONVERSION = YES;
				CLANG_WARN_OBJC_IMPLICIT_RETAIN_SELF = YES;
				CLANG_WARN_OBJC_LITERAL_CONVERSION = YES;
				CLANG_WARN_OBJC_ROOT_CLASS = YES_ERROR;
				CLANG_WARN_RANGE_LOOP_ANALYSIS = YES;
				CLANG_WARN_STRICT_PROTOTYPES = YES;
				CLANG_WARN_SUSPICIOUS_MOVE = YES;
				CLANG_WARN_UNGUARDED_AVAILABILITY = YES_AGGRESSIVE;
				CLANG_WARN_UNREACHABLE_CODE = YES;
				CLANG_WARN__DUPLICATE_METHOD_MATCH = YES;
				CODE_SIGN_IDENTITY = "iPhone Developer";
				COPY_PHASE_STRIP = NO;
				CURRENT_PROJECT_VERSION = 1;
				DEBUG_INFORMATION_FORMAT = dwarf;
				ENABLE_STRICT_OBJC_MSGSEND = YES;
				ENABLE_TESTABILITY = YES;
				GCC_C_LANGUAGE_STANDARD = gnu11;
				GCC_DYNAMIC_NO_PIC = NO;
				GCC_NO_COMMON_BLOCKS = YES;
				GCC_OPTIMIZATION_LEVEL = 0;
				GCC_PREPROCESSOR_DEFINITIONS = (
					"DEBUG=1",
					"$(inherited)",
				);
				GCC_WARN_64_TO_32_BIT_CONVERSION = YES;
				GCC_WARN_ABOUT_RETURN_TYPE = YES_ERROR;
				GCC_WARN_UNDECLARED_SELECTOR = YES;
				GCC_WARN_UNINITIALIZED_AUTOS = YES_AGGRESSIVE;
				GCC_WARN_UNUSED_FUNCTION = YES;
				GCC_WARN_UNUSED_VARIABLE = YES;
				IPHONEOS_DEPLOYMENT_TARGET = 11.3;
				MTL_ENABLE_DEBUG_INFO = YES;
				ONLY_ACTIVE_ARCH = YES;
				SDKROOT = iphoneos;
				SWIFT_ACTIVE_COMPILATION_CONDITIONS = DEBUG;
				SWIFT_OPTIMIZATION_LEVEL = "-Onone";
				VERSIONING_SYSTEM = "apple-generic";
				VERSION_INFO_PREFIX = "";
			};
			name = Debug;
		};
		76F8AC6520AC53540038B8EC /* Release */ = {
			isa = XCBuildConfiguration;
			buildSettings = {
				ALWAYS_SEARCH_USER_PATHS = NO;
				CLANG_ANALYZER_NONNULL = YES;
				CLANG_ANALYZER_NUMBER_OBJECT_CONVERSION = YES_AGGRESSIVE;
				CLANG_CXX_LANGUAGE_STANDARD = "gnu++14";
				CLANG_CXX_LIBRARY = "libc++";
				CLANG_ENABLE_MODULES = YES;
				CLANG_ENABLE_OBJC_ARC = YES;
				CLANG_ENABLE_OBJC_WEAK = YES;
				CLANG_WARN_BLOCK_CAPTURE_AUTORELEASING = YES;
				CLANG_WARN_BOOL_CONVERSION = YES;
				CLANG_WARN_COMMA = YES;
				CLANG_WARN_CONSTANT_CONVERSION = YES;
				CLANG_WARN_DEPRECATED_OBJC_IMPLEMENTATIONS = YES;
				CLANG_WARN_DIRECT_OBJC_ISA_USAGE = YES_ERROR;
				CLANG_WARN_DOCUMENTATION_COMMENTS = YES;
				CLANG_WARN_EMPTY_BODY = YES;
				CLANG_WARN_ENUM_CONVERSION = YES;
				CLANG_WARN_INFINITE_RECURSION = YES;
				CLANG_WARN_INT_CONVERSION = YES;
				CLANG_WARN_NON_LITERAL_NULL_CONVERSION = YES;
				CLANG_WARN_OBJC_IMPLICIT_RETAIN_SELF = YES;
				CLANG_WARN_OBJC_LITERAL_CONVERSION = YES;
				CLANG_WARN_OBJC_ROOT_CLASS = YES_ERROR;
				CLANG_WARN_RANGE_LOOP_ANALYSIS = YES;
				CLANG_WARN_STRICT_PROTOTYPES = YES;
				CLANG_WARN_SUSPICIOUS_MOVE = YES;
				CLANG_WARN_UNGUARDED_AVAILABILITY = YES_AGGRESSIVE;
				CLANG_WARN_UNREACHABLE_CODE = YES;
				CLANG_WARN__DUPLICATE_METHOD_MATCH = YES;
				CODE_SIGN_IDENTITY = "iPhone Developer";
				COPY_PHASE_STRIP = NO;
				CURRENT_PROJECT_VERSION = 1;
				DEBUG_INFORMATION_FORMAT = "dwarf-with-dsym";
				ENABLE_NS_ASSERTIONS = NO;
				ENABLE_STRICT_OBJC_MSGSEND = YES;
				GCC_C_LANGUAGE_STANDARD = gnu11;
				GCC_NO_COMMON_BLOCKS = YES;
				GCC_WARN_64_TO_32_BIT_CONVERSION = YES;
				GCC_WARN_ABOUT_RETURN_TYPE = YES_ERROR;
				GCC_WARN_UNDECLARED_SELECTOR = YES;
				GCC_WARN_UNINITIALIZED_AUTOS = YES_AGGRESSIVE;
				GCC_WARN_UNUSED_FUNCTION = YES;
				GCC_WARN_UNUSED_VARIABLE = YES;
				IPHONEOS_DEPLOYMENT_TARGET = 11.3;
				MTL_ENABLE_DEBUG_INFO = NO;
				SDKROOT = iphoneos;
				SWIFT_COMPILATION_MODE = wholemodule;
				SWIFT_OPTIMIZATION_LEVEL = "-O";
				VALIDATE_PRODUCT = YES;
				VERSIONING_SYSTEM = "apple-generic";
				VERSION_INFO_PREFIX = "";
			};
			name = Release;
		};
		76F8AC6720AC53540038B8EC /* Debug */ = {
			isa = XCBuildConfiguration;
			buildSettings = {
				CLANG_ENABLE_MODULES = YES;
				CODE_SIGN_IDENTITY = "";
				CODE_SIGN_STYLE = Automatic;
				DEFINES_MODULE = YES;
				DYLIB_COMPATIBILITY_VERSION = 1;
				DYLIB_CURRENT_VERSION = 1;
				DYLIB_INSTALL_NAME_BASE = "@rpath";
				INFOPLIST_FILE = Loopy/Info.plist;
				INSTALL_PATH = "$(LOCAL_LIBRARY_DIR)/Frameworks";
				LD_RUNPATH_SEARCH_PATHS = (
					"$(inherited)",
					"@executable_path/Frameworks",
					"@loader_path/Frameworks",
				);
				PRODUCT_BUNDLE_IDENTIFIER = media.skubo.Loopy;
				PRODUCT_NAME = "$(TARGET_NAME:c99extidentifier)";
				SKIP_INSTALL = YES;
				SWIFT_OPTIMIZATION_LEVEL = "-Onone";
				SWIFT_VERSION = 4.0;
				TARGETED_DEVICE_FAMILY = "1,2";
			};
			name = Debug;
		};
		76F8AC6820AC53540038B8EC /* Release */ = {
			isa = XCBuildConfiguration;
			buildSettings = {
				CLANG_ENABLE_MODULES = YES;
				CODE_SIGN_IDENTITY = "";
				CODE_SIGN_STYLE = Automatic;
				DEFINES_MODULE = YES;
				DYLIB_COMPATIBILITY_VERSION = 1;
				DYLIB_CURRENT_VERSION = 1;
				DYLIB_INSTALL_NAME_BASE = "@rpath";
				INFOPLIST_FILE = Loopy/Info.plist;
				INSTALL_PATH = "$(LOCAL_LIBRARY_DIR)/Frameworks";
				LD_RUNPATH_SEARCH_PATHS = (
					"$(inherited)",
					"@executable_path/Frameworks",
					"@loader_path/Frameworks",
				);
				PRODUCT_BUNDLE_IDENTIFIER = media.skubo.Loopy;
				PRODUCT_NAME = "$(TARGET_NAME:c99extidentifier)";
				SKIP_INSTALL = YES;
				SWIFT_VERSION = 4.0;
				TARGETED_DEVICE_FAMILY = "1,2";
			};
			name = Release;
		};
		76F8AC6A20AC53540038B8EC /* Debug */ = {
			isa = XCBuildConfiguration;
			buildSettings = {
				ALWAYS_EMBED_SWIFT_STANDARD_LIBRARIES = YES;
				CODE_SIGN_STYLE = Automatic;
				INFOPLIST_FILE = LoopyTests/Info.plist;
				LD_RUNPATH_SEARCH_PATHS = (
					"$(inherited)",
					"@executable_path/Frameworks",
					"@loader_path/Frameworks",
				);
				PRODUCT_BUNDLE_IDENTIFIER = media.skubo.LoopyTests;
				PRODUCT_NAME = "$(TARGET_NAME)";
				SWIFT_VERSION = 4.0;
				TARGETED_DEVICE_FAMILY = "1,2";
			};
			name = Debug;
		};
		76F8AC6B20AC53540038B8EC /* Release */ = {
			isa = XCBuildConfiguration;
			buildSettings = {
				ALWAYS_EMBED_SWIFT_STANDARD_LIBRARIES = YES;
				CODE_SIGN_STYLE = Automatic;
				INFOPLIST_FILE = LoopyTests/Info.plist;
				LD_RUNPATH_SEARCH_PATHS = (
					"$(inherited)",
					"@executable_path/Frameworks",
					"@loader_path/Frameworks",
				);
				PRODUCT_BUNDLE_IDENTIFIER = media.skubo.LoopyTests;
				PRODUCT_NAME = "$(TARGET_NAME)";
				SWIFT_VERSION = 4.0;
				TARGETED_DEVICE_FAMILY = "1,2";
			};
			name = Release;
		};
		76F8AC6E20AC53970038B8EC /* Debug */ = {
			isa = XCBuildConfiguration;
			buildSettings = {
				CODE_SIGN_STYLE = Automatic;
				PRODUCT_NAME = "$(TARGET_NAME)";
			};
			name = Debug;
		};
		76F8AC6F20AC53970038B8EC /* Release */ = {
			isa = XCBuildConfiguration;
			buildSettings = {
				CODE_SIGN_STYLE = Automatic;
				PRODUCT_NAME = "$(TARGET_NAME)";
			};
			name = Release;
		};
/* End XCBuildConfiguration section */

/* Begin XCConfigurationList section */
		76F8AC4C20AC53540038B8EC /* Build configuration list for PBXProject "Loopy" */ = {
			isa = XCConfigurationList;
			buildConfigurations = (
				76F8AC6420AC53540038B8EC /* Debug */,
				76F8AC6520AC53540038B8EC /* Release */,
			);
			defaultConfigurationIsVisible = 0;
			defaultConfigurationName = Release;
		};
		76F8AC6620AC53540038B8EC /* Build configuration list for PBXNativeTarget "Loopy" */ = {
			isa = XCConfigurationList;
			buildConfigurations = (
				76F8AC6720AC53540038B8EC /* Debug */,
				76F8AC6820AC53540038B8EC /* Release */,
			);
			defaultConfigurationIsVisible = 0;
			defaultConfigurationName = Release;
		};
		76F8AC6920AC53540038B8EC /* Build configuration list for PBXNativeTarget "LoopyTests" */ = {
			isa = XCConfigurationList;
			buildConfigurations = (
				76F8AC6A20AC53540038B8EC /* Debug */,
				76F8AC6B20AC53540038B8EC /* Release */,
			);
			defaultConfigurationIsVisible = 0;
			defaultConfigurationName = Release;
		};
		76F8AC6D20AC53970038B8EC /* Build configuration list for PBXAggregateTarget "UniversalLoopy" */ = {
			isa = XCConfigurationList;
			buildConfigurations = (
				76F8AC6E20AC53970038B8EC /* Debug */,
				76F8AC6F20AC53970038B8EC /* Release */,
			);
			defaultConfigurationIsVisible = 0;
			defaultConfigurationName = Release;
		};
/* End XCConfigurationList section */
	};
	rootObject = 76F8AC4920AC53540038B8EC /* Project object */;
}
